# This file is automatically @generated by Cargo.
# It is not intended for manual editing.
version = 3

[[package]]
name = "rs-shell-api"
version = "0.1.0"

[[package]]
name = "rs-shell-bar"
version = "0.1.0"

[[package]]
name = "rs-shell-clipboard"
version = "0.1.0"

[[package]]
name = "rs-shell-config"
version = "0.1.0"

[[package]]
name = "rs-shell-core"
version = "0.1.0"

[[package]]
name = "rs-shell-daemon"
version = "0.1.0"

[[package]]
name = "rs-shell-services"
version = "0.1.0"

[[package]]
name = "rs-shell-ui"
version = "0.1.0"

[[package]]
name = "rs-shell-wm"
version = "0.1.0"

[[package]]
name = "xtask"
version = "0.1.0"
